Microsoft Visual Studio Solution File, Format Version 12.00
# Visual Studio Version 17
VisualStudioVersion = 17.5.2.0
MinimumVisualStudioVersion = 10.0.40219.1
Project("{FAE04EC0-301F-11D3-BF4B-00C04F79EFBC}") = "DoomedCLI", "DoomedCLI.csproj", "{DEA541C8-A023-C5EC-6D5B-2D0D437693FC}"
EndProject
Global
	GlobalSection(SolutionConfigurationPlatforms) = preSolution
		Debug|Any CPU = Debug|Any CPU
		Release|Any CPU = Release|Any CPU
	EndGlobalSection
	GlobalSection(ProjectConfigurationPlatforms) = postSolution
		{DEA541C8-A023-C5EC-6D5B-2D0D437693FC}.Debug|Any CPU.ActiveCfg = Debug|Any CPU
		{DEA541C8-A023-C5EC-6D5B-2D0D437693FC}.Debug|Any CPU.Build.0 = Debug|Any CPU
		{DEA541C8-A023-C5EC-6D5B-2D0D437693FC}.Release|Any CPU.ActiveCfg = Release|Any CPU
		{DEA541C8-A023-C5EC-6D5B-2D0D437693FC}.Release|Any CPU.Build.0 = Release|Any CPU
	EndGlobalSection
	GlobalSection(SolutionProperties) = preSolution
		HideSolutionNode = FALSE
	EndGlobalSection
	GlobalSection(ExtensibilityGlobals) = postSolution
		SolutionGuid = {F92D50C6-4FE3-4609-8A53-91A1F1939696}
	EndGlobalSection
EndGlobal
